
Microsoft Visual Studio Solution File, Format Version 12.00
# Visual Studio Version 17
VisualStudioVersion = 17.13.35818.85
MinimumVisualStudioVersion = 10.0.40219.1
Project("{B7DD6F7E-DEF8-4E67-B5B7-07EF123DB6F0}") = "MSIInstaller", "MSIInstaller\MSIInstaller.wixproj", "{4F85DDB6-333B-49B9-BDDC-D711BC6C50B2}"
EndProject
Project("{FAE04EC0-301F-11D3-BF4B-00C04F79EFBC}") = "ConsoleApp1", "ConsoleApp1\ConsoleApp1.csproj", "{0BB56776-BF53-4A79-A3EE-0E5FC061EE31}"
EndProject
Global
	GlobalSection(SolutionConfigurationPlatforms) = preSolution
		Debug|Any CPU = Debug|Any CPU
		Debug|ARM64 = Debug|ARM64
		Debug|x64 = Debug|x64
		Debug|x86 = Debug|x86
		Release|Any CPU = Release|Any CPU
		Release|ARM64 = Release|ARM64
		Release|x64 = Release|x64
		Release|x86 = Release|x86
	EndGlobalSection
	GlobalSection(ProjectConfigurationPlatforms) = postSolution
		{4F85DDB6-333B-49B9-BDDC-D711BC6C50B2}.Debug|Any CPU.ActiveCfg = Debug|x64
		{4F85DDB6-333B-49B9-BDDC-D711BC6C50B2}.Debug|Any CPU.Build.0 = Debug|x64
		{4F85DDB6-333B-49B9-BDDC-D711BC6C50B2}.Debug|ARM64.ActiveCfg = Debug|ARM64
		{4F85DDB6-333B-49B9-BDDC-D711BC6C50B2}.Debug|ARM64.Build.0 = Debug|ARM64
		{4F85DDB6-333B-49B9-BDDC-D711BC6C50B2}.Debug|x64.ActiveCfg = Debug|x64
		{4F85DDB6-333B-49B9-BDDC-D711BC6C50B2}.Debug|x64.Build.0 = Debug|x64
		{4F85DDB6-333B-49B9-BDDC-D711BC6C50B2}.Debug|x86.ActiveCfg = Debug|x86
		{4F85DDB6-333B-49B9-BDDC-D711BC6C50B2}.Debug|x86.Build.0 = Debug|x86
		{4F85DDB6-333B-49B9-BDDC-D711BC6C50B2}.Release|Any CPU.ActiveCfg = Release|x64
		{4F85DDB6-333B-49B9-BDDC-D711BC6C50B2}.Release|Any CPU.Build.0 = Release|x64
		{4F85DDB6-333B-49B9-BDDC-D711BC6C50B2}.Release|ARM64.ActiveCfg = Release|ARM64
		{4F85DDB6-333B-49B9-BDDC-D711BC6C50B2}.Release|ARM64.Build.0 = Release|ARM64
		{4F85DDB6-333B-49B9-BDDC-D711BC6C50B2}.Release|x64.ActiveCfg = Release|x64
		{4F85DDB6-333B-49B9-BDDC-D711BC6C50B2}.Release|x64.Build.0 = Release|x64
		{4F85DDB6-333B-49B9-BDDC-D711BC6C50B2}.Release|x86.ActiveCfg = Release|x86
		{4F85DDB6-333B-49B9-BDDC-D711BC6C50B2}.Release|x86.Build.0 = Release|x86
		{0BB56776-BF53-4A79-A3EE-0E5FC061EE31}.Debug|Any CPU.ActiveCfg = Debug|Any CPU
		{0BB56776-BF53-4A79-A3EE-0E5FC061EE31}.Debug|Any CPU.Build.0 = Debug|Any CPU
		{0BB56776-BF53-4A79-A3EE-0E5FC061EE31}.Debug|ARM64.ActiveCfg = Debug|Any CPU
		{0BB56776-BF53-4A79-A3EE-0E5FC061EE31}.Debug|ARM64.Build.0 = Debug|Any CPU
		{0BB56776-BF53-4A79-A3EE-0E5FC061EE31}.Debug|x64.ActiveCfg = Debug|Any CPU
		{0BB56776-BF53-4A79-A3EE-0E5FC061EE31}.Debug|x64.Build.0 = Debug|Any CPU
		{0BB56776-BF53-4A79-A3EE-0E5FC061EE31}.Debug|x86.ActiveCfg = Debug|Any CPU
		{0BB56776-BF53-4A79-A3EE-0E5FC061EE31}.Debug|x86.Build.0 = Debug|Any CPU
		{0BB56776-BF53-4A79-A3EE-0E5FC061EE31}.Release|Any CPU.ActiveCfg = Release|Any CPU
		{0BB56776-BF53-4A79-A3EE-0E5FC061EE31}.Release|Any CPU.Build.0 = Release|Any CPU
		{0BB56776-BF53-4A79-A3EE-0E5FC061EE31}.Release|ARM64.ActiveCfg = Release|Any CPU
		{0BB56776-BF53-4A79-A3EE-0E5FC061EE31}.Release|ARM64.Build.0 = Release|Any CPU
		{0BB56776-BF53-4A79-A3EE-0E5FC061EE31}.Release|x64.ActiveCfg = Release|Any CPU
		{0BB56776-BF53-4A79-A3EE-0E5FC061EE31}.Release|x64.Build.0 = Release|Any CPU
		{0BB56776-BF53-4A79-A3EE-0E5FC061EE31}.Release|x86.ActiveCfg = Release|Any CPU
		{0BB56776-BF53-4A79-A3EE-0E5FC061EE31}.Release|x86.Build.0 = Release|Any CPU
	EndGlobalSection
	GlobalSection(SolutionProperties) = preSolution
		HideSolutionNode = FALSE
	EndGlobalSection
	GlobalSection(ExtensibilityGlobals) = postSolution
		SolutionGuid = {078C7DE7-24E4-4FD8-9D1D-9A00CEE76AA6}
	EndGlobalSection
EndGlobal
